
Microsoft Visual Studio Solution File, Format Version 12.00
# Visual Studio Version 16
VisualStudioVersion = 16.0.29326.143
MinimumVisualStudioVersion = 10.0.40219.1
Project("{FAE04EC0-301F-11D3-BF4B-00C04F79EFBC}") = "Laborki7Programowanie", "Laborki7Programowanie.csproj", "{D859C809-06F1-4F3C-ACE2-0DFD96C8556C}"
EndProject
Global
	GlobalSection(SolutionConfigurationPlatforms) = preSolution
		Debug|Any CPU = Debug|Any CPU
		Release|Any CPU = Release|Any CPU
	EndGlobalSection
	GlobalSection(ProjectConfigurationPlatforms) = postSolution
		{D859C809-06F1-4F3C-ACE2-0DFD96C8556C}.Debug|Any CPU.ActiveCfg = Debug|Any CPU
		{D859C809-06F1-4F3C-ACE2-0DFD96C8556C}.Debug|Any CPU.Build.0 = Debug|Any CPU
		{D859C809-06F1-4F3C-ACE2-0DFD96C8556C}.Release|Any CPU.ActiveCfg = Release|Any CPU
		{D859C809-06F1-4F3C-ACE2-0DFD96C8556C}.Release|Any CPU.Build.0 = Release|Any CPU
	EndGlobalSection
	GlobalSection(SolutionProperties) = preSolution
		HideSolutionNode = FALSE
	EndGlobalSection
	GlobalSection(ExtensibilityGlobals) = postSolution
		SolutionGuid = {F2FC261D-ACEB-4274-8D84-AE61DC48EC9C}
	EndGlobalSection
EndGlobal
