
Microsoft Visual Studio Solution File, Format Version 12.00
# Visual Studio Version 16
VisualStudioVersion = 16.0.29326.143
MinimumVisualStudioVersion = 10.0.40219.1
Project("{FAE04EC0-301F-11D3-BF4B-00C04F79EFBC}") = "Laborki3Programowanie", "Laborki3Programowanie.csproj", "{0C07C630-65D5-4093-90A6-92DD991CD470}"
EndProject
Global
	GlobalSection(SolutionConfigurationPlatforms) = preSolution
		Debug|Any CPU = Debug|Any CPU
		Release|Any CPU = Release|Any CPU
	EndGlobalSection
	GlobalSection(ProjectConfigurationPlatforms) = postSolution
		{0C07C630-65D5-4093-90A6-92DD991CD470}.Debug|Any CPU.ActiveCfg = Debug|Any CPU
		{0C07C630-65D5-4093-90A6-92DD991CD470}.Debug|Any CPU.Build.0 = Debug|Any CPU
		{0C07C630-65D5-4093-90A6-92DD991CD470}.Release|Any CPU.ActiveCfg = Release|Any CPU
		{0C07C630-65D5-4093-90A6-92DD991CD470}.Release|Any CPU.Build.0 = Release|Any CPU
	EndGlobalSection
	GlobalSection(SolutionProperties) = preSolution
		HideSolutionNode = FALSE
	EndGlobalSection
	GlobalSection(ExtensibilityGlobals) = postSolution
		SolutionGuid = {242BE27B-36FA-4FC7-80BE-125D27F02BB3}
	EndGlobalSection
EndGlobal
