
Microsoft Visual Studio Solution File, Format Version 12.00
# Visual Studio Version 16
VisualStudioVersion = 16.0.29709.97
MinimumVisualStudioVersion = 10.0.40219.1
Project("{FAE04EC0-301F-11D3-BF4B-00C04F79EFBC}") = "Kolokwium2Poprawa", "Kolokwium2Poprawa.csproj", "{BBD71650-79BB-44D7-A1E7-67396B947156}"
EndProject
Global
	GlobalSection(SolutionConfigurationPlatforms) = preSolution
		Debug|Any CPU = Debug|Any CPU
		Release|Any CPU = Release|Any CPU
	EndGlobalSection
	GlobalSection(ProjectConfigurationPlatforms) = postSolution
		{BBD71650-79BB-44D7-A1E7-67396B947156}.Debug|Any CPU.ActiveCfg = Debug|Any CPU
		{BBD71650-79BB-44D7-A1E7-67396B947156}.Debug|Any CPU.Build.0 = Debug|Any CPU
		{BBD71650-79BB-44D7-A1E7-67396B947156}.Release|Any CPU.ActiveCfg = Release|Any CPU
		{BBD71650-79BB-44D7-A1E7-67396B947156}.Release|Any CPU.Build.0 = Release|Any CPU
	EndGlobalSection
	GlobalSection(SolutionProperties) = preSolution
		HideSolutionNode = FALSE
	EndGlobalSection
	GlobalSection(ExtensibilityGlobals) = postSolution
		SolutionGuid = {1DF32131-DBF9-48DF-9838-CBFCFE667201}
	EndGlobalSection
EndGlobal
