
Microsoft Visual Studio Solution File, Format Version 12.00
# Visual Studio Version 16
VisualStudioVersion = 16.0.29613.14
MinimumVisualStudioVersion = 10.0.40219.1
Project("{FAE04EC0-301F-11D3-BF4B-00C04F79EFBC}") = "Laborki10Programowanie", "Laborki10Programowanie\Laborki10Programowanie.csproj", "{F42510FD-4E3C-42CA-A026-56D87A3858CC}"
EndProject
Global
	GlobalSection(SolutionConfigurationPlatforms) = preSolution
		Debug|Any CPU = Debug|Any CPU
		Release|Any CPU = Release|Any CPU
	EndGlobalSection
	GlobalSection(ProjectConfigurationPlatforms) = postSolution
		{F42510FD-4E3C-42CA-A026-56D87A3858CC}.Debug|Any CPU.ActiveCfg = Debug|Any CPU
		{F42510FD-4E3C-42CA-A026-56D87A3858CC}.Debug|Any CPU.Build.0 = Debug|Any CPU
		{F42510FD-4E3C-42CA-A026-56D87A3858CC}.Release|Any CPU.ActiveCfg = Release|Any CPU
		{F42510FD-4E3C-42CA-A026-56D87A3858CC}.Release|Any CPU.Build.0 = Release|Any CPU
	EndGlobalSection
	GlobalSection(SolutionProperties) = preSolution
		HideSolutionNode = FALSE
	EndGlobalSection
	GlobalSection(ExtensibilityGlobals) = postSolution
		SolutionGuid = {C4A1397C-3447-42A3-8437-A1D54049F0A1}
	EndGlobalSection
EndGlobal
